
Microsoft Visual Studio Solution File, Format Version 12.00
# Visual Studio Version 16
VisualStudioVersion = 16.0.30406.217
MinimumVisualStudioVersion = 10.0.40219.1
Project("{2150E333-8FDC-42A3-9474-1A3956D46DE8}") = "Docs", "Docs", "{60243253-434A-4F6A-A673-613C1A208D9A}"
	ProjectSection(SolutionItems) = preProject
		..\CHANGELOG.md = ..\CHANGELOG.md
		..\CODE_OF_CONDUCT.md = ..\CODE_OF_CONDUCT.md
		..\CONTRIBUTING.md = ..\CONTRIBUTING.md
		..\CONTRIBUTORS.md = ..\CONTRIBUTORS.md
		..\FAQ.md = ..\FAQ.md
		..\LICENSE = ..\LICENSE
		..\README.md = ..\README.md
		..\RELEASENOTES.md = ..\RELEASENOTES.md
		..\ROADMAP.md = ..\ROADMAP.md
	EndProjectSection
EndProject
Project("{9A19103F-16F7-4668-BE54-9A1E7A4F7556}") = "SymuOrgMod", "SymuOrgMod\SymuOrgMod.csproj", "{DC956942-0D38-4C0C-BB1D-57061AC0741B}"
EndProject
Project("{FAE04EC0-301F-11D3-BF4B-00C04F79EFBC}") = "SymuOrgModTests", "SymuOrgModTests\SymuOrgModTests.csproj", "{4D9ABCF4-DDBC-4D6E-8EAB-36E823D7EAB1}"
EndProject
Global
	GlobalSection(SolutionConfigurationPlatforms) = preSolution
		Debug|Any CPU = Debug|Any CPU
		Release|Any CPU = Release|Any CPU
	EndGlobalSection
	GlobalSection(ProjectConfigurationPlatforms) = postSolution
		{DC956942-0D38-4C0C-BB1D-57061AC0741B}.Debug|Any CPU.ActiveCfg = Debug|Any CPU
		{DC956942-0D38-4C0C-BB1D-57061AC0741B}.Debug|Any CPU.Build.0 = Debug|Any CPU
		{DC956942-0D38-4C0C-BB1D-57061AC0741B}.Release|Any CPU.ActiveCfg = Release|Any CPU
		{DC956942-0D38-4C0C-BB1D-57061AC0741B}.Release|Any CPU.Build.0 = Release|Any CPU
		{4D9ABCF4-DDBC-4D6E-8EAB-36E823D7EAB1}.Debug|Any CPU.ActiveCfg = Debug|Any CPU
		{4D9ABCF4-DDBC-4D6E-8EAB-36E823D7EAB1}.Debug|Any CPU.Build.0 = Debug|Any CPU
		{4D9ABCF4-DDBC-4D6E-8EAB-36E823D7EAB1}.Release|Any CPU.ActiveCfg = Release|Any CPU
		{4D9ABCF4-DDBC-4D6E-8EAB-36E823D7EAB1}.Release|Any CPU.Build.0 = Release|Any CPU
	EndGlobalSection
	GlobalSection(SolutionProperties) = preSolution
		HideSolutionNode = FALSE
	EndGlobalSection
	GlobalSection(ExtensibilityGlobals) = postSolution
		SolutionGuid = {90BEB16E-AE42-4A1E-978B-0459239FBF6F}
	EndGlobalSection
EndGlobal
